
Microsoft Visual Studio Solution File, Format Version 12.00
# Visual Studio Version 17
VisualStudioVersion = 17.6.33712.159
MinimumVisualStudioVersion = 10.0.40219.1
Project("{2150E333-8FDC-42A3-9474-1A3956D46DE8}") = "01", "01", "{A84964AC-7CE1-4299-ADF2-F6717CF66DE7}"
EndProject
Project("{9A19103F-16F7-4668-BE54-9A1E7A4F7556}") = "Eje01ParOno", "Eje01ParOno\Eje01ParOno.csproj", "{63FFB3BA-D710-479A-9D8E-C8AAB48932BF}"
EndProject
Project("{2150E333-8FDC-42A3-9474-1A3956D46DE8}") = "02", "02", "{FD77A652-90D3-43F9-8606-36073D0BC8D4}"
EndProject
Project("{9A19103F-16F7-4668-BE54-9A1E7A4F7556}") = "Eje02NumeroMayor", "Eje02NumeroMayor\Eje02NumeroMayor.csproj", "{25A6178B-D560-4287-8ED0-3F2BE8E01A3D}"
EndProject
Project("{2150E333-8FDC-42A3-9474-1A3956D46DE8}") = "shared", "shared", "{7ACEE16A-C9E4-462B-99A5-E970C147A7C6}"
EndProject
Project("{2150E333-8FDC-42A3-9474-1A3956D46DE8}") = "04", "04", "{97441080-8593-43C0-8D9D-BF6E755CB2C4}"
EndProject
Project("{9A19103F-16F7-4668-BE54-9A1E7A4F7556}") = "Eje04Multiplo", "eje04_multiplo\Eje04Multiplo.csproj", "{1F0AB646-DA17-4610-914F-B973AC64DA6C}"
EndProject
Project("{9A19103F-16F7-4668-BE54-9A1E7A4F7556}") = "shared", "shared\shared.csproj", "{BD8C1864-AEAA-487E-90C5-0C5F2B1C55FF}"
EndProject
Project("{2150E333-8FDC-42A3-9474-1A3956D46DE8}") = "05", "05", "{0065D192-8A5C-4571-B3FA-FD54F2456BDE}"
EndProject
Project("{9A19103F-16F7-4668-BE54-9A1E7A4F7556}") = "Eje05IsLeapYear", "isLeapYear\Eje05IsLeapYear.csproj", "{2B0CCE69-E62B-4E7B-98B3-383299E985E9}"
EndProject
Project("{2150E333-8FDC-42A3-9474-1A3956D46DE8}") = "06", "06", "{4F18795D-6152-461E-9BEA-C164AB3F725B}"
EndProject
Project("{9A19103F-16F7-4668-BE54-9A1E7A4F7556}") = "Eje06NominaSencilla", "Eje06NominaSencilla\Eje06NominaSencilla.csproj", "{DEDDA912-3747-4A01-BCBC-46513A3E92F6}"
EndProject
Project("{2150E333-8FDC-42A3-9474-1A3956D46DE8}") = "07", "07", "{B3D0F3BB-1E91-4B36-842B-6349359BE9AF}"
EndProject
Project("{9A19103F-16F7-4668-BE54-9A1E7A4F7556}") = "Eje07Descuentos", "Eje07Descuentos\Eje07Descuentos.csproj", "{14DD0F8E-EB8C-4C97-A0E8-AB2C4A45113F}"
EndProject
Project("{2150E333-8FDC-42A3-9474-1A3956D46DE8}") = "08", "08", "{FC7D21A2-650C-4240-8F1D-5294D04825F3}"
EndProject
Project("{FAE04EC0-301F-11D3-BF4B-00C04F79EFBC}") = "Eje08_ValorMatricula", "Eje08_ValorMatricula\Eje08_ValorMatricula.csproj", "{378984D1-BABD-4D0F-804A-CE5BE094FA9E}"
EndProject
Project("{2150E333-8FDC-42A3-9474-1A3956D46DE8}") = "09", "09", "{02EA681E-C7D8-13C7-8484-4AC65E1B71E8}"
EndProject
Project("{FAE04EC0-301F-11D3-BF4B-00C04F79EFBC}") = "Eje09_EnvioMercancia", "Eje09_EnvioMercancia\Eje09_EnvioMercancia.csproj", "{82BFFA1B-A2E3-494C-9AC1-DD967D72D4F3}"
EndProject
Global
	GlobalSection(SolutionConfigurationPlatforms) = preSolution
		Debug|Any CPU = Debug|Any CPU
		Release|Any CPU = Release|Any CPU
	EndGlobalSection
	GlobalSection(ProjectConfigurationPlatforms) = postSolution
		{63FFB3BA-D710-479A-9D8E-C8AAB48932BF}.Debug|Any CPU.ActiveCfg = Debug|Any CPU
		{63FFB3BA-D710-479A-9D8E-C8AAB48932BF}.Debug|Any CPU.Build.0 = Debug|Any CPU
		{63FFB3BA-D710-479A-9D8E-C8AAB48932BF}.Release|Any CPU.ActiveCfg = Release|Any CPU
		{63FFB3BA-D710-479A-9D8E-C8AAB48932BF}.Release|Any CPU.Build.0 = Release|Any CPU
		{25A6178B-D560-4287-8ED0-3F2BE8E01A3D}.Debug|Any CPU.ActiveCfg = Debug|Any CPU
		{25A6178B-D560-4287-8ED0-3F2BE8E01A3D}.Debug|Any CPU.Build.0 = Debug|Any CPU
		{25A6178B-D560-4287-8ED0-3F2BE8E01A3D}.Release|Any CPU.ActiveCfg = Release|Any CPU
		{25A6178B-D560-4287-8ED0-3F2BE8E01A3D}.Release|Any CPU.Build.0 = Release|Any CPU
		{1F0AB646-DA17-4610-914F-B973AC64DA6C}.Debug|Any CPU.ActiveCfg = Debug|Any CPU
		{1F0AB646-DA17-4610-914F-B973AC64DA6C}.Debug|Any CPU.Build.0 = Debug|Any CPU
		{1F0AB646-DA17-4610-914F-B973AC64DA6C}.Release|Any CPU.ActiveCfg = Release|Any CPU
		{1F0AB646-DA17-4610-914F-B973AC64DA6C}.Release|Any CPU.Build.0 = Release|Any CPU
		{BD8C1864-AEAA-487E-90C5-0C5F2B1C55FF}.Debug|Any CPU.ActiveCfg = Debug|Any CPU
		{BD8C1864-AEAA-487E-90C5-0C5F2B1C55FF}.Debug|Any CPU.Build.0 = Debug|Any CPU
		{BD8C1864-AEAA-487E-90C5-0C5F2B1C55FF}.Release|Any CPU.ActiveCfg = Release|Any CPU
		{BD8C1864-AEAA-487E-90C5-0C5F2B1C55FF}.Release|Any CPU.Build.0 = Release|Any CPU
		{2B0CCE69-E62B-4E7B-98B3-383299E985E9}.Debug|Any CPU.ActiveCfg = Debug|Any CPU
		{2B0CCE69-E62B-4E7B-98B3-383299E985E9}.Debug|Any CPU.Build.0 = Debug|Any CPU
		{2B0CCE69-E62B-4E7B-98B3-383299E985E9}.Release|Any CPU.ActiveCfg = Release|Any CPU
		{2B0CCE69-E62B-4E7B-98B3-383299E985E9}.Release|Any CPU.Build.0 = Release|Any CPU
		{DEDDA912-3747-4A01-BCBC-46513A3E92F6}.Debug|Any CPU.ActiveCfg = Debug|Any CPU
		{DEDDA912-3747-4A01-BCBC-46513A3E92F6}.Debug|Any CPU.Build.0 = Debug|Any CPU
		{DEDDA912-3747-4A01-BCBC-46513A3E92F6}.Release|Any CPU.ActiveCfg = Release|Any CPU
		{DEDDA912-3747-4A01-BCBC-46513A3E92F6}.Release|Any CPU.Build.0 = Release|Any CPU
		{14DD0F8E-EB8C-4C97-A0E8-AB2C4A45113F}.Debug|Any CPU.ActiveCfg = Debug|Any CPU
		{14DD0F8E-EB8C-4C97-A0E8-AB2C4A45113F}.Debug|Any CPU.Build.0 = Debug|Any CPU
		{14DD0F8E-EB8C-4C97-A0E8-AB2C4A45113F}.Release|Any CPU.ActiveCfg = Release|Any CPU
		{14DD0F8E-EB8C-4C97-A0E8-AB2C4A45113F}.Release|Any CPU.Build.0 = Release|Any CPU
		{378984D1-BABD-4D0F-804A-CE5BE094FA9E}.Debug|Any CPU.ActiveCfg = Debug|Any CPU
		{378984D1-BABD-4D0F-804A-CE5BE094FA9E}.Debug|Any CPU.Build.0 = Debug|Any CPU
		{378984D1-BABD-4D0F-804A-CE5BE094FA9E}.Release|Any CPU.ActiveCfg = Release|Any CPU
		{378984D1-BABD-4D0F-804A-CE5BE094FA9E}.Release|Any CPU.Build.0 = Release|Any CPU
		{82BFFA1B-A2E3-494C-9AC1-DD967D72D4F3}.Debug|Any CPU.ActiveCfg = Debug|Any CPU
		{82BFFA1B-A2E3-494C-9AC1-DD967D72D4F3}.Debug|Any CPU.Build.0 = Debug|Any CPU
		{82BFFA1B-A2E3-494C-9AC1-DD967D72D4F3}.Release|Any CPU.ActiveCfg = Release|Any CPU
		{82BFFA1B-A2E3-494C-9AC1-DD967D72D4F3}.Release|Any CPU.Build.0 = Release|Any CPU
	EndGlobalSection
	GlobalSection(SolutionProperties) = preSolution
		HideSolutionNode = FALSE
	EndGlobalSection
	GlobalSection(NestedProjects) = preSolution
		{63FFB3BA-D710-479A-9D8E-C8AAB48932BF} = {A84964AC-7CE1-4299-ADF2-F6717CF66DE7}
		{25A6178B-D560-4287-8ED0-3F2BE8E01A3D} = {FD77A652-90D3-43F9-8606-36073D0BC8D4}
		{1F0AB646-DA17-4610-914F-B973AC64DA6C} = {97441080-8593-43C0-8D9D-BF6E755CB2C4}
		{BD8C1864-AEAA-487E-90C5-0C5F2B1C55FF} = {7ACEE16A-C9E4-462B-99A5-E970C147A7C6}
		{2B0CCE69-E62B-4E7B-98B3-383299E985E9} = {0065D192-8A5C-4571-B3FA-FD54F2456BDE}
		{DEDDA912-3747-4A01-BCBC-46513A3E92F6} = {4F18795D-6152-461E-9BEA-C164AB3F725B}
		{14DD0F8E-EB8C-4C97-A0E8-AB2C4A45113F} = {B3D0F3BB-1E91-4B36-842B-6349359BE9AF}
		{378984D1-BABD-4D0F-804A-CE5BE094FA9E} = {FC7D21A2-650C-4240-8F1D-5294D04825F3}
		{82BFFA1B-A2E3-494C-9AC1-DD967D72D4F3} = {02EA681E-C7D8-13C7-8484-4AC65E1B71E8}
	EndGlobalSection
	GlobalSection(ExtensibilityGlobals) = postSolution
		SolutionGuid = {DFEFADBD-B5F2-4C7E-9174-239CF5B60967}
	EndGlobalSection
EndGlobal
