
Microsoft Visual Studio Solution File, Format Version 12.00
# Visual Studio Version 17
VisualStudioVersion = 17.6.33712.159
MinimumVisualStudioVersion = 10.0.40219.1
Project("{2150E333-8FDC-42A3-9474-1A3956D46DE8}") = "01", "01", "{A84964AC-7CE1-4299-ADF2-F6717CF66DE7}"
EndProject
Project("{9A19103F-16F7-4668-BE54-9A1E7A4F7556}") = "Eje01ParOno", "Eje01ParOno\Eje01ParOno.csproj", "{63FFB3BA-D710-479A-9D8E-C8AAB48932BF}"
EndProject
Global
	GlobalSection(SolutionConfigurationPlatforms) = preSolution
		Debug|Any CPU = Debug|Any CPU
		Release|Any CPU = Release|Any CPU
	EndGlobalSection
	GlobalSection(ProjectConfigurationPlatforms) = postSolution
		{63FFB3BA-D710-479A-9D8E-C8AAB48932BF}.Debug|Any CPU.ActiveCfg = Debug|Any CPU
		{63FFB3BA-D710-479A-9D8E-C8AAB48932BF}.Debug|Any CPU.Build.0 = Debug|Any CPU
		{63FFB3BA-D710-479A-9D8E-C8AAB48932BF}.Release|Any CPU.ActiveCfg = Release|Any CPU
		{63FFB3BA-D710-479A-9D8E-C8AAB48932BF}.Release|Any CPU.Build.0 = Release|Any CPU
	EndGlobalSection
	GlobalSection(SolutionProperties) = preSolution
		HideSolutionNode = FALSE
	EndGlobalSection
	GlobalSection(NestedProjects) = preSolution
		{63FFB3BA-D710-479A-9D8E-C8AAB48932BF} = {A84964AC-7CE1-4299-ADF2-F6717CF66DE7}
	EndGlobalSection
	GlobalSection(ExtensibilityGlobals) = postSolution
		SolutionGuid = {DFEFADBD-B5F2-4C7E-9174-239CF5B60967}
	EndGlobalSection
EndGlobal
